// !$*UTF8*$!
{
	archiveVersion = 1;
	classes = {
	};
	objectVersion = 50;
	objects = {

/* Begin PBXBuildFile section */
		0806D438EFE56EB841108537 /* Pods_InstaCloneTests.framework in Frameworks */ = {isa = PBXBuildFile; fileRef = DDC716E11F69D56354838375 /* Pods_InstaCloneTests.framework */; };
		1FAB7740059E5848A938F14E /* Pods_InstaClone.framework in Frameworks */ = {isa = PBXBuildFile; fileRef = C01E90B9A65B2DECB7E68E66 /* Pods_InstaClone.framework */; };
		620096382BC8A2E943EB2882 /* Pods_InstaCloneUITests.framework in Frameworks */ = {isa = PBXBuildFile; fileRef = BAD7B8344DCF4B7CB1248DCA /* Pods_InstaCloneUITests.framework */; };
		C850BFBA2284ACB80019D70F /* AppDelegate.swift in Sources */ = {isa = PBXBuildFile; fileRef = C850BFB92284ACB80019D70F /* AppDelegate.swift */; };
		C850BFBF2284ACB80019D70F /* Main.storyboard in Resources */ = {isa = PBXBuildFile; fileRef = C850BFBD2284ACB80019D70F /* Main.storyboard */; };
		C850BFC12284ACBB0019D70F /* Assets.xcassets in Resources */ = {isa = PBXBuildFile; fileRef = C850BFC02284ACBB0019D70F /* Assets.xcassets */; };
		C850BFC42284ACBB0019D70F /* LaunchScreen.storyboard in Resources */ = {isa = PBXBuildFile; fileRef = C850BFC22284ACBB0019D70F /* LaunchScreen.storyboard */; };
		C850BFCF2284ACBB0019D70F /* InstaCloneTests.swift in Sources */ = {isa = PBXBuildFile; fileRef = C850BFCE2284ACBB0019D70F /* InstaCloneTests.swift */; };
		C850BFDA2284ACBB0019D70F /* InstaCloneUITests.swift in Sources */ = {isa = PBXBuildFile; fileRef = C850BFD92284ACBB0019D70F /* InstaCloneUITests.swift */; };
		C850BFEA2284AFD40019D70F /* LoginViewController.swift in Sources */ = {isa = PBXBuildFile; fileRef = C850BFE92284AFD40019D70F /* LoginViewController.swift */; };
		C850BFEC2284AFE40019D70F /* FeedViewController.swift in Sources */ = {isa = PBXBuildFile; fileRef = C850BFEB2284AFE40019D70F /* FeedViewController.swift */; };
		C850BFEE2284B48A0019D70F /* CameraViewController.swift in Sources */ = {isa = PBXBuildFile; fileRef = C850BFED2284B48A0019D70F /* CameraViewController.swift */; };
		C850BFF02284BBFD0019D70F /* PostCell.swift in Sources */ = {isa = PBXBuildFile; fileRef = C850BFEF2284BBFD0019D70F /* PostCell.swift */; };
/* End PBXBuildFile section */

/* Begin PBXContainerItemProxy section */
		C850BFCB2284ACBB0019D70F /* PBXContainerItemProxy */ = {
			isa = PBXContainerItemProxy;
			containerPortal = C850BFAE2284ACB80019D70F /* Project object */;
			proxyType = 1;
			remoteGlobalIDString = C850BFB52284ACB80019D70F;
			remoteInfo = InstaClone;
		};
		C850BFD62284ACBB0019D70F /* PBXContainerItemProxy */ = {
			isa = PBXContainerItemProxy;
			containerPortal = C850BFAE2284ACB80019D70F /* Project object */;
			proxyType = 1;
			remoteGlobalIDString = C850BFB52284ACB80019D70F;
			remoteInfo = InstaClone;
		};
/* End PBXContainerItemProxy section */

/* Begin PBXFileReference section */
		324598D7B049A2D547A0FF04 /* Pods-InstaCloneTests.release.xcconfig */ = {isa = PBXFileReference; includeInIndex = 1; lastKnownFileType = text.xcconfig; name = "Pods-InstaCloneTests.release.xcconfig"; path = "Target Support Files/Pods-InstaCloneTests/Pods-InstaCloneTests.release.xcconfig"; sourceTree = "<group>"; };
		735581BCB292784660C8CB76 /* Pods-InstaCloneUITests.debug.xcconfig */ = {isa = PBXFileReference; includeInIndex = 1; lastKnownFileType = text.xcconfig; name = "Pods-InstaCloneUITests.debug.xcconfig"; path = "Target Support Files/Pods-InstaCloneUITests/Pods-InstaCloneUITests.debug.xcconfig"; sourceTree = "<group>"; };
		81B6C9719D8330CD43F4CFF1 /* Pods-InstaCloneUITests.release.xcconfig */ = {isa = PBXFileReference; includeInIndex = 1; lastKnownFileType = text.xcconfig; name = "Pods-InstaCloneUITests.release.xcconfig"; path = "Target Support Files/Pods-InstaCloneUITests/Pods-InstaCloneUITests.release.xcconfig"; sourceTree = "<group>"; };
		8FF53E069446F3D3F5127510 /* Pods-InstaCloneTests.debug.xcconfig */ = {isa = PBXFileReference; includeInIndex = 1; lastKnownFileType = text.xcconfig; name = "Pods-InstaCloneTests.debug.xcconfig"; path = "Target Support Files/Pods-InstaCloneTests/Pods-InstaCloneTests.debug.xcconfig"; sourceTree = "<group>"; };
		BAD7B8344DCF4B7CB1248DCA /* Pods_InstaCloneUITests.framework */ = {isa = PBXFileReference; explicitFileType = wrapper.framework; includeInIndex = 0; path = Pods_InstaCloneUITests.framework; sourceTree = BUILT_PRODUCTS_DIR; };
		C01E90B9A65B2DECB7E68E66 /* Pods_InstaClone.framework */ = {isa = PBXFileReference; explicitFileType = wrapper.framework; includeInIndex = 0; path = Pods_InstaClone.framework; sourceTree = BUILT_PRODUCTS_DIR; };
		C850BFB62284ACB80019D70F /* InstaClone.app */ = {isa = PBXFileReference; explicitFileType = wrapper.application; includeInIndex = 0; path = InstaClone.app; sourceTree = BUILT_PRODUCTS_DIR; };
		C850BFB92284ACB80019D70F /* AppDelegate.swift */ = {isa = PBXFileReference; lastKnownFileType = sourcecode.swift; path = AppDelegate.swift; sourceTree = "<group>"; };
		C850BFBE2284ACB80019D70F /* Base */ = {isa = PBXFileReference; lastKnownFileType = file.storyboard; name = Base; path = Base.lproj/Main.storyboard; sourceTree = "<group>"; };
		C850BFC02284ACBB0019D70F /* Assets.xcassets */ = {isa = PBXFileReference; lastKnownFileType = folder.assetcatalog; path = Assets.xcassets; sourceTree = "<group>"; };
		C850BFC32284ACBB0019D70F /* Base */ = {isa = PBXFileReference; lastKnownFileType = file.storyboard; name = Base; path = Base.lproj/LaunchScreen.storyboard; sourceTree = "<group>"; };
		C850BFC52284ACBB0019D70F /* Info.plist */ = {isa = PBXFileReference; lastKnownFileType = text.plist.xml; path = Info.plist; sourceTree = "<group>"; };
		C850BFCA2284ACBB0019D70F /* InstaCloneTests.xctest */ = {isa = PBXFileReference; explicitFileType = wrapper.cfbundle; includeInIndex = 0; path = InstaCloneTests.xctest; sourceTree = BUILT_PRODUCTS_DIR; };
		C850BFCE2284ACBB0019D70F /* InstaCloneTests.swift */ = {isa = PBXFileReference; lastKnownFileType = sourcecode.swift; path = InstaCloneTests.swift; sourceTree = "<group>"; };
		C850BFD02284ACBB0019D70F /* Info.plist */ = {isa = PBXFileReference; lastKnownFileType = text.plist.xml; path = Info.plist; sourceTree = "<group>"; };
		C850BFD52284ACBB0019D70F /* InstaCloneUITests.xctest */ = {isa = PBXFileReference; explicitFileType = wrapper.cfbundle; includeInIndex = 0; path = InstaCloneUITests.xctest; sourceTree = BUILT_PRODUCTS_DIR; };
		C850BFD92284ACBB0019D70F /* InstaCloneUITests.swift */ = {isa = PBXFileReference; lastKnownFileType = sourcecode.swift; path = InstaCloneUITests.swift; sourceTree = "<group>"; };
		C850BFDB2284ACBB0019D70F /* Info.plist */ = {isa = PBXFileReference; lastKnownFileType = text.plist.xml; path = Info.plist; sourceTree = "<group>"; };
		C850BFE92284AFD40019D70F /* LoginViewController.swift */ = {isa = PBXFileReference; lastKnownFileType = sourcecode.swift; path = LoginViewController.swift; sourceTree = "<group>"; };
		C850BFEB2284AFE40019D70F /* FeedViewController.swift */ = {isa = PBXFileReference; lastKnownFileType = sourcecode.swift; path = FeedViewController.swift; sourceTree = "<group>"; };
		C850BFED2284B48A0019D70F /* CameraViewController.swift */ = {isa = PBXFileReference; lastKnownFileType = sourcecode.swift; path = CameraViewController.swift; sourceTree = "<group>"; };
		C850BFEF2284BBFD0019D70F /* PostCell.swift */ = {isa = PBXFileReference; lastKnownFileType = sourcecode.swift; path = PostCell.swift; sourceTree = "<group>"; };
		CAD1465038F4FA736C08B2BE /* Pods-InstaClone.debug.xcconfig */ = {isa = PBXFileReference; includeInIndex = 1; lastKnownFileType = text.xcconfig; name = "Pods-InstaClone.debug.xcconfig"; path = "Target Support Files/Pods-InstaClone/Pods-InstaClone.debug.xcconfig"; sourceTree = "<group>"; };
		D0F37F0D4633BE020580CFFB /* Pods-InstaClone.release.xcconfig */ = {isa = PBXFileReference; includeInIndex = 1; lastKnownFileType = text.xcconfig; name = "Pods-InstaClone.release.xcconfig"; path = "Target Support Files/Pods-InstaClone/Pods-InstaClone.release.xcconfig"; sourceTree = "<group>"; };
		DDC716E11F69D56354838375 /* Pods_InstaCloneTests.framework */ = {isa = PBXFileReference; explicitFileType = wrapper.framework; includeInIndex = 0; path = Pods_InstaCloneTests.framework; sourceTree = BUILT_PRODUCTS_DIR; };
/* End PBXFileReference section */

/* Begin PBXFrameworksBuildPhase section */
		C850BFB32284ACB80019D70F /* Frameworks */ = {
			isa = PBXFrameworksBuildPhase;
			buildActionMask = 2147483647;
			files = (
				1FAB7740059E5848A938F14E /* Pods_InstaClone.framework in Frameworks */,
			);
			runOnlyForDeploymentPostprocessing = 0;
		};
		C850BFC72284ACBB0019D70F /* Frameworks */ = {
			isa = PBXFrameworksBuildPhase;
			buildActionMask = 2147483647;
			files = (
				0806D438EFE56EB841108537 /* Pods_InstaCloneTests.framework in Frameworks */,
			);
			runOnlyForDeploymentPostprocessing = 0;
		};
		C850BFD22284ACBB0019D70F /* Frameworks */ = {
			isa = PBXFrameworksBuildPhase;
			buildActionMask = 2147483647;
			files = (
				620096382BC8A2E943EB2882 /* Pods_InstaCloneUITests.framework in Frameworks */,
			);
			runOnlyForDeploymentPostprocessing = 0;
		};
/* End PBXFrameworksBuildPhase section */

/* Begin PBXGroup section */
		251557B4B26F3CFDE2FB88BA /* Frameworks */ = {
			isa = PBXGroup;
			children = (
				C01E90B9A65B2DECB7E68E66 /* Pods_InstaClone.framework */,
				DDC716E11F69D56354838375 /* Pods_InstaCloneTests.framework */,
				BAD7B8344DCF4B7CB1248DCA /* Pods_InstaCloneUITests.framework */,
			);
			name = Frameworks;
			sourceTree = "<group>";
		};
		7D11C213DCC6F8C0BD888B0C /* Pods */ = {
			isa = PBXGroup;
			children = (
				CAD1465038F4FA736C08B2BE /* Pods-InstaClone.debug.xcconfig */,
				D0F37F0D4633BE020580CFFB /* Pods-InstaClone.release.xcconfig */,
				8FF53E069446F3D3F5127510 /* Pods-InstaCloneTests.debug.xcconfig */,
				324598D7B049A2D547A0FF04 /* Pods-InstaCloneTests.release.xcconfig */,
				735581BCB292784660C8CB76 /* Pods-InstaCloneUITests.debug.xcconfig */,
				81B6C9719D8330CD43F4CFF1 /* Pods-InstaCloneUITests.release.xcconfig */,
			);
			path = Pods;
			sourceTree = "<group>";
		};
		C850BFAD2284ACB80019D70F = {
			isa = PBXGroup;
			children = (
				C850BFB82284ACB80019D70F /* InstaClone */,
				C850BFCD2284ACBB0019D70F /* InstaCloneTests */,
				C850BFD82284ACBB0019D70F /* InstaCloneUITests */,
				C850BFB72284ACB80019D70F /* Products */,
				7D11C213DCC6F8C0BD888B0C /* Pods */,
				251557B4B26F3CFDE2FB88BA /* Frameworks */,
			);
			sourceTree = "<group>";
		};
		C850BFB72284ACB80019D70F /* Products */ = {
			isa = PBXGroup;
			children = (
				C850BFB62284ACB80019D70F /* InstaClone.app */,
				C850BFCA2284ACBB0019D70F /* InstaCloneTests.xctest */,
				C850BFD52284ACBB0019D70F /* InstaCloneUITests.xctest */,
			);
			name = Products;
			sourceTree = "<group>";
		};
		C850BFB82284ACB80019D70F /* InstaClone */ = {
			isa = PBXGroup;
			children = (
				C850BFEF2284BBFD0019D70F /* PostCell.swift */,
				C850BFE92284AFD40019D70F /* LoginViewController.swift */,
				C850BFEB2284AFE40019D70F /* FeedViewController.swift */,
				C850BFB92284ACB80019D70F /* AppDelegate.swift */,
				C850BFBD2284ACB80019D70F /* Main.storyboard */,
				C850BFED2284B48A0019D70F /* CameraViewController.swift */,
				C850BFC02284ACBB0019D70F /* Assets.xcassets */,
				C850BFC22284ACBB0019D70F /* LaunchScreen.storyboard */,
				C850BFC52284ACBB0019D70F /* Info.plist */,
			);
			path = InstaClone;
			sourceTree = "<group>";
		};
		C850BFCD2284ACBB0019D70F /* InstaCloneTests */ = {
			isa = PBXGroup;
			children = (
				C850BFCE2284ACBB0019D70F /* InstaCloneTests.swift */,
				C850BFD02284ACBB0019D70F /* Info.plist */,
			);
			path = InstaCloneTests;
			sourceTree = "<group>";
		};
		C850BFD82284ACBB0019D70F /* InstaCloneUITests */ = {
			isa = PBXGroup;
			children = (
				C850BFD92284ACBB0019D70F /* InstaCloneUITests.swift */,
				C850BFDB2284ACBB0019D70F /* Info.plist */,
			);
			path = InstaCloneUITests;
			sourceTree = "<group>";
		};
/* End PBXGroup section */

/* Begin PBXNativeTarget section */
		C850BFB52284ACB80019D70F /* InstaClone */ = {
			isa = PBXNativeTarget;
			buildConfigurationList = C850BFDE2284ACBB0019D70F /* Build configuration list for PBXNativeTarget "InstaClone" */;
			buildPhases = (
				BDE1589B89379B22767432B4 /* [CP] Check Pods Manifest.lock */,
				C850BFB22284ACB80019D70F /* Sources */,
				C850BFB32284ACB80019D70F /* Frameworks */,
				C850BFB42284ACB80019D70F /* Resources */,
				86FA55B053171315CB2E2D80 /* [CP] Embed Pods Frameworks */,
			);
			buildRules = (
			);
			dependencies = (
			);
			name = InstaClone;
			productName = InstaClone;
			productReference = C850BFB62284ACB80019D70F /* InstaClone.app */;
			productType = "com.apple.product-type.application";
		};
		C850BFC92284ACBB0019D70F /* InstaCloneTests */ = {
			isa = PBXNativeTarget;
			buildConfigurationList = C850BFE12284ACBB0019D70F /* Build configuration list for PBXNativeTarget "InstaCloneTests" */;
			buildPhases = (
				235AA1DA4582E33BFF150D1B /* [CP] Check Pods Manifest.lock */,
				C850BFC62284ACBB0019D70F /* Sources */,
				C850BFC72284ACBB0019D70F /* Frameworks */,
				C850BFC82284ACBB0019D70F /* Resources */,
			);
			buildRules = (
			);
			dependencies = (
				C850BFCC2284ACBB0019D70F /* PBXTargetDependency */,
			);
			name = InstaCloneTests;
			productName = InstaCloneTests;
			productReference = C850BFCA2284ACBB0019D70F /* InstaCloneTests.xctest */;
			productType = "com.apple.product-type.bundle.unit-test";
		};
		C850BFD42284ACBB0019D70F /* InstaCloneUITests */ = {
			isa = PBXNativeTarget;
			buildConfigurationList = C850BFE42284ACBB0019D70F /* Build configuration list for PBXNativeTarget "InstaCloneUITests" */;
			buildPhases = (
				9265CAD495C1A99ADFC29ECA /* [CP] Check Pods Manifest.lock */,
				C850BFD12284ACBB0019D70F /* Sources */,
				C850BFD22284ACBB0019D70F /* Frameworks */,
				C850BFD32284ACBB0019D70F /* Resources */,
			);
			buildRules = (
			);
			dependencies = (
				C850BFD72284ACBB0019D70F /* PBXTargetDependency */,
			);
			name = InstaCloneUITests;
			productName = InstaCloneUITests;
			productReference = C850BFD52284ACBB0019D70F /* InstaCloneUITests.xctest */;
			productType = "com.apple.product-type.bundle.ui-testing";
		};
/* End PBXNativeTarget section */

/* Begin PBXProject section */
		C850BFAE2284ACB80019D70F /* Project object */ = {
			isa = PBXProject;
			attributes = {
				LastSwiftUpdateCheck = 1020;
				LastUpgradeCheck = 1020;
				ORGANIZATIONNAME = "Kunal Agarwal";
				TargetAttributes = {
					C850BFB52284ACB80019D70F = {
						CreatedOnToolsVersion = 10.2.1;
					};
					C850BFC92284ACBB0019D70F = {
						CreatedOnToolsVersion = 10.2.1;
						TestTargetID = C850BFB52284ACB80019D70F;
					};
					C850BFD42284ACBB0019D70F = {
						CreatedOnToolsVersion = 10.2.1;
						TestTargetID = C850BFB52284ACB80019D70F;
					};
				};
			};
			buildConfigurationList = C850BFB12284ACB80019D70F /* Build configuration list for PBXProject "InstaClone" */;
			compatibilityVersion = "Xcode 9.3";
			developmentRegion = en;
			hasScannedForEncodings = 0;
			knownRegions = (
				en,
				Base,
			);
			mainGroup = C850BFAD2284ACB80019D70F;
			productRefGroup = C850BFB72284ACB80019D70F /* Products */;
			projectDirPath = "";
			projectRoot = "";
			targets = (
				C850BFB52284ACB80019D70F /* InstaClone */,
				C850BFC92284ACBB0019D70F /* InstaCloneTests */,
				C850BFD42284ACBB0019D70F /* InstaCloneUITests */,
			);
		};
/* End PBXProject section */

/* Begin PBXResourcesBuildPhase section */
		C850BFB42284ACB80019D70F /* Resources */ = {
			isa = PBXResourcesBuildPhase;
			buildActionMask = 2147483647;
			files = (
				C850BFC42284ACBB0019D70F /* LaunchScreen.storyboard in Resources */,
				C850BFC12284ACBB0019D70F /* Assets.xcassets in Resources */,
				C850BFBF2284ACB80019D70F /* Main.storyboard in Resources */,
			);
			runOnlyForDeploymentPostprocessing = 0;
		};
		C850BFC82284ACBB0019D70F /* Resources */ = {
			isa = PBXResourcesBuildPhase;
			buildActionMask = 2147483647;
			files = (
			);
			runOnlyForDeploymentPostprocessing = 0;
		};
		C850BFD32284ACBB0019D70F /* Resources */ = {
			isa = PBXResourcesBuildPhase;
			buildActionMask = 2147483647;
			files = (
			);
			runOnlyForDeploymentPostprocessing = 0;
		};
/* End PBXResourcesBuildPhase section */

/* Begin PBXShellScriptBuildPhase section */
		235AA1DA4582E33BFF150D1B /* [CP] Check Pods Manifest.lock */ = {
			isa = PBXShellScriptBuildPhase;
			buildActionMask = 2147483647;
			files = (
			);
			inputFileListPaths = (
			);
			inputPaths = (
				"${PODS_PODFILE_DIR_PATH}/Podfile.lock",
				"${PODS_ROOT}/Manifest.lock",
			);
			name = "[CP] Check Pods Manifest.lock";
			outputFileListPaths = (
			);
			outputPaths = (
				"$(DERIVED_FILE_DIR)/Pods-InstaCloneTests-checkManifestLockResult.txt",
			);
			runOnlyForDeploymentPostprocessing = 0;
			shellPath = /bin/sh;
			shellScript = "diff \"${PODS_PODFILE_DIR_PATH}/Podfile.lock\" \"${PODS_ROOT}/Manifest.lock\" > /dev/null\nif [ $? != 0 ] ; then\n    # print error to STDERR\n    echo \"error: The sandbox is not in sync with the Podfile.lock. Run 'pod install' or update your CocoaPods installation.\" >&2\n    exit 1\nfi\n# This output is used by Xcode 'outputs' to avoid re-running this script phase.\necho \"SUCCESS\" > \"${SCRIPT_OUTPUT_FILE_0}\"\n";
			showEnvVarsInLog = 0;
		};
		86FA55B053171315CB2E2D80 /* [CP] Embed Pods Frameworks */ = {
			isa = PBXShellScriptBuildPhase;
			buildActionMask = 2147483647;
			files = (
			);
			inputFileListPaths = (
			);
			inputPaths = (
				"${PODS_ROOT}/Target Support Files/Pods-InstaClone/Pods-InstaClone-frameworks.sh",
				"${BUILT_PRODUCTS_DIR}/Alamofire/Alamofire.framework",
				"${BUILT_PRODUCTS_DIR}/AlamofireImage/AlamofireImage.framework",
				"${BUILT_PRODUCTS_DIR}/Bolts/Bolts.framework",
				"${BUILT_PRODUCTS_DIR}/Parse/Parse.framework",
			);
			name = "[CP] Embed Pods Frameworks";
			outputFileListPaths = (
			);
			outputPaths = (
				"${TARGET_BUILD_DIR}/${FRAMEWORKS_FOLDER_PATH}/Alamofire.framework",
				"${TARGET_BUILD_DIR}/${FRAMEWORKS_FOLDER_PATH}/AlamofireImage.framework",
				"${TARGET_BUILD_DIR}/${FRAMEWORKS_FOLDER_PATH}/Bolts.framework",
				"${TARGET_BUILD_DIR}/${FRAMEWORKS_FOLDER_PATH}/Parse.framework",
			);
			runOnlyForDeploymentPostprocessing = 0;
			shellPath = /bin/sh;
			shellScript = "\"${PODS_ROOT}/Target Support Files/Pods-InstaClone/Pods-InstaClone-frameworks.sh\"\n";
			showEnvVarsInLog = 0;
		};
		9265CAD495C1A99ADFC29ECA /* [CP] Check Pods Manifest.lock */ = {
			isa = PBXShellScriptBuildPhase;
			buildActionMask = 2147483647;
			files = (
			);
			inputFileListPaths = (
			);
			inputPaths = (
				"${PODS_PODFILE_DIR_PATH}/Podfile.lock",
				"${PODS_ROOT}/Manifest.lock",
			);
			name = "[CP] Check Pods Manifest.lock";
			outputFileListPaths = (
			);
			outputPaths = (
				"$(DERIVED_FILE_DIR)/Pods-InstaCloneUITests-checkManifestLockResult.txt",
			);
			runOnlyForDeploymentPostprocessing = 0;
			shellPath = /bin/sh;
			shellScript = "diff \"${PODS_PODFILE_DIR_PATH}/Podfile.lock\" \"${PODS_ROOT}/Manifest.lock\" > /dev/null\nif [ $? != 0 ] ; then\n    # print error to STDERR\n    echo \"error: The sandbox is not in sync with the Podfile.lock. Run 'pod install' or update your CocoaPods installation.\" >&2\n    exit 1\nfi\n# This output is used by Xcode 'outputs' to avoid re-running this script phase.\necho \"SUCCESS\" > \"${SCRIPT_OUTPUT_FILE_0}\"\n";
			showEnvVarsInLog = 0;
		};
		BDE1589B89379B22767432B4 /* [CP] Check Pods Manifest.lock */ = {
			isa = PBXShellScriptBuildPhase;
			buildActionMask = 2147483647;
			files = (
			);
			inputFileListPaths = (
			);
			inputPaths = (
				"${PODS_PODFILE_DIR_PATH}/Podfile.lock",
				"${PODS_ROOT}/Manifest.lock",
			);
			name = "[CP] Check Pods Manifest.lock";
			outputFileListPaths = (
			);
			outputPaths = (
				"$(DERIVED_FILE_DIR)/Pods-InstaClone-checkManifestLockResult.txt",
			);
			runOnlyForDeploymentPostprocessing = 0;
			shellPath = /bin/sh;
			shellScript = "diff \"${PODS_PODFILE_DIR_PATH}/Podfile.lock\" \"${PODS_ROOT}/Manifest.lock\" > /dev/null\nif [ $? != 0 ] ; then\n    # print error to STDERR\n    echo \"error: The sandbox is not in sync with the Podfile.lock. Run 'pod install' or update your CocoaPods installation.\" >&2\n    exit 1\nfi\n# This output is used by Xcode 'outputs' to avoid re-running this script phase.\necho \"SUCCESS\" > \"${SCRIPT_OUTPUT_FILE_0}\"\n";
			showEnvVarsInLog = 0;
		};
/* End PBXShellScriptBuildPhase section */

/* Begin PBXSourcesBuildPhase section */
		C850BFB22284ACB80019D70F /* Sources */ = {
			isa = PBXSourcesBuildPhase;
			buildActionMask = 2147483647;
			files = (
				C850BFEA2284AFD40019D70F /* LoginViewController.swift in Sources */,
				C850BFEE2284B48A0019D70F /* CameraViewController.swift in Sources */,
				C850BFEC2284AFE40019D70F /* FeedViewController.swift in Sources */,
				C850BFBA2284ACB80019D70F /* AppDelegate.swift in Sources */,
				C850BFF02284BBFD0019D70F /* PostCell.swift in Sources */,
			);
			runOnlyForDeploymentPostprocessing = 0;
		};
		C850BFC62284ACBB0019D70F /* Sources */ = {
			isa = PBXSourcesBuildPhase;
			buildActionMask = 2147483647;
			files = (
				C850BFCF2284ACBB0019D70F /* InstaCloneTests.swift in Sources */,
			);
			runOnlyForDeploymentPostprocessing = 0;
		};
		C850BFD12284ACBB0019D70F /* Sources */ = {
			isa = PBXSourcesBuildPhase;
			buildActionMask = 2147483647;
			files = (
				C850BFDA2284ACBB0019D70F /* InstaCloneUITests.swift in Sources */,
			);
			runOnlyForDeploymentPostprocessing = 0;
		};
/* End PBXSourcesBuildPhase section */

/* Begin PBXTargetDependency section */
		C850BFCC2284ACBB0019D70F /* PBXTargetDependency */ = {
			isa = PBXTargetDependency;
			target = C850BFB52284ACB80019D70F /* InstaClone */;
			targetProxy = C850BFCB2284ACBB0019D70F /* PBXContainerItemProxy */;
		};
		C850BFD72284ACBB0019D70F /* PBXTargetDependency */ = {
			isa = PBXTargetDependency;
			target = C850BFB52284ACB80019D70F /* InstaClone */;
			targetProxy = C850BFD62284ACBB0019D70F /* PBXContainerItemProxy */;
		};
/* End PBXTargetDependency section */

/* Begin PBXVariantGroup section */
		C850BFBD2284ACB80019D70F /* Main.storyboard */ = {
			isa = PBXVariantGroup;
			children = (
				C850BFBE2284ACB80019D70F /* Base */,
			);
			name = Main.storyboard;
			sourceTree = "<group>";
		};
		C850BFC22284ACBB0019D70F /* LaunchScreen.storyboard */ = {
			isa = PBXVariantGroup;
			children = (
				C850BFC32284ACBB0019D70F /* Base */,
			);
			name = LaunchScreen.storyboard;
			sourceTree = "<group>";
		};
/* End PBXVariantGroup section */

/* Begin XCBuildConfiguration section */
		C850BFDC2284ACBB0019D70F /* Debug */ = {
			isa = XCBuildConfiguration;
			buildSettings = {
				ALWAYS_SEARCH_USER_PATHS = NO;
				CLANG_ANALYZER_NONNULL = YES;
				CLANG_ANALYZER_NUMBER_OBJECT_CONVERSION = YES_AGGRESSIVE;
				CLANG_CXX_LANGUAGE_STANDARD = "gnu++14";
				CLANG_CXX_LIBRARY = "libc++";
				CLANG_ENABLE_MODULES = YES;
				CLANG_ENABLE_OBJC_ARC = YES;
				CLANG_ENABLE_OBJC_WEAK = YES;
				CLANG_WARN_BLOCK_CAPTURE_AUTORELEASING = YES;
				CLANG_WARN_BOOL_CONVERSION = YES;
				CLANG_WARN_COMMA = YES;
				CLANG_WARN_CONSTANT_CONVERSION = YES;
				CLANG_WARN_DEPRECATED_OBJC_IMPLEMENTATIONS = YES;
				CLANG_WARN_DIRECT_OBJC_ISA_USAGE = YES_ERROR;
				CLANG_WARN_DOCUMENTATION_COMMENTS = YES;
				CLANG_WARN_EMPTY_BODY = YES;
				CLANG_WARN_ENUM_CONVERSION = YES;
				CLANG_WARN_INFINITE_RECURSION = YES;
				CLANG_WARN_INT_CONVERSION = YES;
				CLANG_WARN_NON_LITERAL_NULL_CONVERSION = YES;
				CLANG_WARN_OBJC_IMPLICIT_RETAIN_SELF = YES;
				CLANG_WARN_OBJC_LITERAL_CONVERSION = YES;
				CLANG_WARN_OBJC_ROOT_CLASS = YES_ERROR;
				CLANG_WARN_RANGE_LOOP_ANALYSIS = YES;
				CLANG_WARN_STRICT_PROTOTYPES = YES;
				CLANG_WARN_SUSPICIOUS_MOVE = YES;
				CLANG_WARN_UNGUARDED_AVAILABILITY = YES_AGGRESSIVE;
				CLANG_WARN_UNREACHABLE_CODE = YES;
				CLANG_WARN__DUPLICATE_METHOD_MATCH = YES;
				CODE_SIGN_IDENTITY = "iPhone Developer";
				COPY_PHASE_STRIP = NO;
				DEBUG_INFORMATION_FORMAT = dwarf;
				ENABLE_STRICT_OBJC_MSGSEND = YES;
				ENABLE_TESTABILITY = YES;
				GCC_C_LANGUAGE_STANDARD = gnu11;
				GCC_DYNAMIC_NO_PIC = NO;
				GCC_NO_COMMON_BLOCKS = YES;
				GCC_OPTIMIZATION_LEVEL = 0;
				GCC_PREPROCESSOR_DEFINITIONS = (
					"DEBUG=1",
					"$(inherited)",
				);
				GCC_WARN_64_TO_32_BIT_CONVERSION = YES;
				GCC_WARN_ABOUT_RETURN_TYPE = YES_ERROR;
				GCC_WARN_UNDECLARED_SELECTOR = YES;
				GCC_WARN_UNINITIALIZED_AUTOS = YES_AGGRESSIVE;
				GCC_WARN_UNUSED_FUNCTION = YES;
				GCC_WARN_UNUSED_VARIABLE = YES;
				IPHONEOS_DEPLOYMENT_TARGET = 12.2;
				MTL_ENABLE_DEBUG_INFO = INCLUDE_SOURCE;
				MTL_FAST_MATH = YES;
				ONLY_ACTIVE_ARCH = YES;
				SDKROOT = iphoneos;
				SWIFT_ACTIVE_COMPILATION_CONDITIONS = DEBUG;
				SWIFT_OPTIMIZATION_LEVEL = "-Onone";
			};
			name = Debug;
		};
		C850BFDD2284ACBB0019D70F /* Release */ = {
			isa = XCBuildConfiguration;
			buildSettings = {
				ALWAYS_SEARCH_USER_PATHS = NO;
				CLANG_ANALYZER_NONNULL = YES;
				CLANG_ANALYZER_NUMBER_OBJECT_CONVERSION = YES_AGGRESSIVE;
				CLANG_CXX_LANGUAGE_STANDARD = "gnu++14";
				CLANG_CXX_LIBRARY = "libc++";
				CLANG_ENABLE_MODULES = YES;
				CLANG_ENABLE_OBJC_ARC = YES;
				CLANG_ENABLE_OBJC_WEAK = YES;
				CLANG_WARN_BLOCK_CAPTURE_AUTORELEASING = YES;
				CLANG_WARN_BOOL_CONVERSION = YES;
				CLANG_WARN_COMMA = YES;
				CLANG_WARN_CONSTANT_CONVERSION = YES;
				CLANG_WARN_DEPRECATED_OBJC_IMPLEMENTATIONS = YES;
				CLANG_WARN_DIRECT_OBJC_ISA_USAGE = YES_ERROR;
				CLANG_WARN_DOCUMENTATION_COMMENTS = YES;
				CLANG_WARN_EMPTY_BODY = YES;
				CLANG_WARN_ENUM_CONVERSION = YES;
				CLANG_WARN_INFINITE_RECURSION = YES;
				CLANG_WARN_INT_CONVERSION = YES;
				CLANG_WARN_NON_LITERAL_NULL_CONVERSION = YES;
				CLANG_WARN_OBJC_IMPLICIT_RETAIN_SELF = YES;
				CLANG_WARN_OBJC_LITERAL_CONVERSION = YES;
				CLANG_WARN_OBJC_ROOT_CLASS = YES_ERROR;
				CLANG_WARN_RANGE_LOOP_ANALYSIS = YES;
				CLANG_WARN_STRICT_PROTOTYPES = YES;
				CLANG_WARN_SUSPICIOUS_MOVE = YES;
				CLANG_WARN_UNGUARDED_AVAILABILITY = YES_AGGRESSIVE;
				CLANG_WARN_UNREACHABLE_CODE = YES;
				CLANG_WARN__DUPLICATE_METHOD_MATCH = YES;
				CODE_SIGN_IDENTITY = "iPhone Developer";
				COPY_PHASE_STRIP = NO;
				DEBUG_INFORMATION_FORMAT = "dwarf-with-dsym";
				ENABLE_NS_ASSERTIONS = NO;
				ENABLE_STRICT_OBJC_MSGSEND = YES;
				GCC_C_LANGUAGE_STANDARD = gnu11;
				GCC_NO_COMMON_BLOCKS = YES;
				GCC_WARN_64_TO_32_BIT_CONVERSION = YES;
				GCC_WARN_ABOUT_RETURN_TYPE = YES_ERROR;
				GCC_WARN_UNDECLARED_SELECTOR = YES;
				GCC_WARN_UNINITIALIZED_AUTOS = YES_AGGRESSIVE;
				GCC_WARN_UNUSED_FUNCTION = YES;
				GCC_WARN_UNUSED_VARIABLE = YES;
				IPHONEOS_DEPLOYMENT_TARGET = 12.2;
				MTL_ENABLE_DEBUG_INFO = NO;
				MTL_FAST_MATH = YES;
				SDKROOT = iphoneos;
				SWIFT_COMPILATION_MODE = wholemodule;
				SWIFT_OPTIMIZATION_LEVEL = "-O";
				VALIDATE_PRODUCT = YES;
			};
			name = Release;
		};
		C850BFDF2284ACBB0019D70F /* Debug */ = {
			isa = XCBuildConfiguration;
			baseConfigurationReference = CAD1465038F4FA736C08B2BE /* Pods-InstaClone.debug.xcconfig */;
			buildSettings = {
				ASSETCATALOG_COMPILER_APPICON_NAME = AppIcon;
				CODE_SIGN_STYLE = Automatic;
				DEVELOPMENT_TEAM = C75984DHW6;
				INFOPLIST_FILE = InstaClone/Info.plist;
				LD_RUNPATH_SEARCH_PATHS = (
					"$(inherited)",
					"@executable_path/Frameworks",
				);
				PRODUCT_BUNDLE_IDENTIFIER = Kunal.InstaClone;
				PRODUCT_NAME = "$(TARGET_NAME)";
				SWIFT_VERSION = 5.0;
				TARGETED_DEVICE_FAMILY = 1;
			};
			name = Debug;
		};
		C850BFE02284ACBB0019D70F /* Release */ = {
			isa = XCBuildConfiguration;
			baseConfigurationReference = D0F37F0D4633BE020580CFFB /* Pods-InstaClone.release.xcconfig */;
			buildSettings = {
				ASSETCATALOG_COMPILER_APPICON_NAME = AppIcon;
				CODE_SIGN_STYLE = Automatic;
				DEVELOPMENT_TEAM = C75984DHW6;
				INFOPLIST_FILE = InstaClone/Info.plist;
				LD_RUNPATH_SEARCH_PATHS = (
					"$(inherited)",
					"@executable_path/Frameworks",
				);
				PRODUCT_BUNDLE_IDENTIFIER = Kunal.InstaClone;
				PRODUCT_NAME = "$(TARGET_NAME)";
				SWIFT_VERSION = 5.0;
				TARGETED_DEVICE_FAMILY = 1;
			};
			name = Release;
		};
		C850BFE22284ACBB0019D70F /* Debug */ = {
			isa = XCBuildConfiguration;
			baseConfigurationReference = 8FF53E069446F3D3F5127510 /* Pods-InstaCloneTests.debug.xcconfig */;
			buildSettings = {
				ALWAYS_EMBED_SWIFT_STANDARD_LIBRARIES = YES;
				BUNDLE_LOADER = "$(TEST_HOST)";
				CODE_SIGN_STYLE = Automatic;
				INFOPLIST_FILE = InstaCloneTests/Info.plist;
				LD_RUNPATH_SEARCH_PATHS = (
					"$(inherited)",
					"@executable_path/Frameworks",
					"@loader_path/Frameworks",
				);
				PRODUCT_BUNDLE_IDENTIFIER = Kunal.InstaCloneTests;
				PRODUCT_NAME = "$(TARGET_NAME)";
				SWIFT_VERSION = 5.0;
				TARGETED_DEVICE_FAMILY = "1,2";
				TEST_HOST = "$(BUILT_PRODUCTS_DIR)/InstaClone.app/InstaClone";
			};
			name = Debug;
		};
		C850BFE32284ACBB0019D70F /* Release */ = {
			isa = XCBuildConfiguration;
			baseConfigurationReference = 324598D7B049A2D547A0FF04 /* Pods-InstaCloneTests.release.xcconfig */;
			buildSettings = {
				ALWAYS_EMBED_SWIFT_STANDARD_LIBRARIES = YES;
				BUNDLE_LOADER = "$(TEST_HOST)";
				CODE_SIGN_STYLE = Automatic;
				INFOPLIST_FILE = InstaCloneTests/Info.plist;
				LD_RUNPATH_SEARCH_PATHS = (
					"$(inherited)",
					"@executable_path/Frameworks",
					"@loader_path/Frameworks",
				);
				PRODUCT_BUNDLE_IDENTIFIER = Kunal.InstaCloneTests;
				PRODUCT_NAME = "$(TARGET_NAME)";
				SWIFT_VERSION = 5.0;
				TARGETED_DEVICE_FAMILY = "1,2";
				TEST_HOST = "$(BUILT_PRODUCTS_DIR)/InstaClone.app/InstaClone";
			};
			name = Release;
		};
		C850BFE52284ACBB0019D70F /* Debug */ = {
			isa = XCBuildConfiguration;
			baseConfigurationReference = 735581BCB292784660C8CB76 /* Pods-InstaCloneUITests.debug.xcconfig */;
			buildSettings = {
				ALWAYS_EMBED_SWIFT_STANDARD_LIBRARIES = YES;
				CODE_SIGN_STYLE = Automatic;
				INFOPLIST_FILE = InstaCloneUITests/Info.plist;
				LD_RUNPATH_SEARCH_PATHS = (
					"$(inherited)",
					"@executable_path/Frameworks",
					"@loader_path/Frameworks",
				);
				PRODUCT_BUNDLE_IDENTIFIER = Kunal.InstaCloneUITests;
				PRODUCT_NAME = "$(TARGET_NAME)";
				SWIFT_VERSION = 5.0;
				TARGETED_DEVICE_FAMILY = "1,2";
				TEST_TARGET_NAME = InstaClone;
			};
			name = Debug;
		};
		C850BFE62284ACBB0019D70F /* Release */ = {
			isa = XCBuildConfiguration;
			baseConfigurationReference = 81B6C9719D8330CD43F4CFF1 /* Pods-InstaCloneUITests.release.xcconfig */;
			buildSettings = {
				ALWAYS_EMBED_SWIFT_STANDARD_LIBRARIES = YES;
				CODE_SIGN_STYLE = Automatic;
				INFOPLIST_FILE = InstaCloneUITests/Info.plist;
				LD_RUNPATH_SEARCH_PATHS = (
					"$(inherited)",
					"@executable_path/Frameworks",
					"@loader_path/Frameworks",
				);
				PRODUCT_BUNDLE_IDENTIFIER = Kunal.InstaCloneUITests;
				PRODUCT_NAME = "$(TARGET_NAME)";
				SWIFT_VERSION = 5.0;
				TARGETED_DEVICE_FAMILY = "1,2";
				TEST_TARGET_NAME = InstaClone;
			};
			name = Release;
		};
/* End XCBuildConfiguration section */

/* Begin XCConfigurationList section */
		C850BFB12284ACB80019D70F /* Build configuration list for PBXProject "InstaClone" */ = {
			isa = XCConfigurationList;
			buildConfigurations = (
				C850BFDC2284ACBB0019D70F /* Debug */,
				C850BFDD2284ACBB0019D70F /* Release */,
			);
			defaultConfigurationIsVisible = 0;
			defaultConfigurationName = Release;
		};
		C850BFDE2284ACBB0019D70F /* Build configuration list for PBXNativeTarget "InstaClone" */ = {
			isa = XCConfigurationList;
			buildConfigurations = (
				C850BFDF2284ACBB0019D70F /* Debug */,
				C850BFE02284ACBB0019D70F /* Release */,
			);
			defaultConfigurationIsVisible = 0;
			defaultConfigurationName = Release;
		};
		C850BFE12284ACBB0019D70F /* Build configuration list for PBXNativeTarget "InstaCloneTests" */ = {
			isa = XCConfigurationList;
			buildConfigurations = (
				C850BFE22284ACBB0019D70F /* Debug */,
				C850BFE32284ACBB0019D70F /* Release */,
			);
			defaultConfigurationIsVisible = 0;
			defaultConfigurationName = Release;
		};
		C850BFE42284ACBB0019D70F /* Build configuration list for PBXNativeTarget "InstaCloneUITests" */ = {
			isa = XCConfigurationList;
			buildConfigurations = (
				C850BFE52284ACBB0019D70F /* Debug */,
				C850BFE62284ACBB0019D70F /* Release */,
			);
			defaultConfigurationIsVisible = 0;
			defaultConfigurationName = Release;
		};
/* End XCConfigurationList section */
	};
	rootObject = C850BFAE2284ACB80019D70F /* Project object */;
}
